// !$*UTF8*$!
{
	archiveVersion = 1;
	classes = {
	};
	objectVersion = 56;
	objects = {

/* Begin PBXBuildFile section */
		72D438EE2A7E90A900E2582E /* SwiftPackageManagerSharedHelpersApp.swift in Sources */ = {isa = PBXBuildFile; fileRef = 72D438ED2A7E90A900E2582E /* SwiftPackageManagerSharedHelpersApp.swift */; };
		72D438F02A7E90A900E2582E /* ContentView.swift in Sources */ = {isa = PBXBuildFile; fileRef = 72D438EF2A7E90A900E2582E /* ContentView.swift */; };
		72D438F22A7E90A900E2582E /* Assets.xcassets in Resources */ = {isa = PBXBuildFile; fileRef = 72D438F12A7E90A900E2582E /* Assets.xcassets */; };
		72D438F52A7E90A900E2582E /* Preview Assets.xcassets in Resources */ = {isa = PBXBuildFile; fileRef = 72D438F42A7E90A900E2582E /* Preview Assets.xcassets */; };
		72D438FF2A7E917400E2582E /* App in Frameworks */ = {isa = PBXBuildFile; productRef = 72D438FE2A7E917400E2582E /* App */; };
/* End PBXBuildFile section */

/* Begin PBXFileReference section */
		72D438EA2A7E90A900E2582E /* SwiftPackageManagerSharedHelpers.app */ = {isa = PBXFileReference; explicitFileType = wrapper.application; includeInIndex = 0; path = SwiftPackageManagerSharedHelpers.app; sourceTree = BUILT_PRODUCTS_DIR; };
		72D438ED2A7E90A900E2582E /* SwiftPackageManagerSharedHelpersApp.swift */ = {isa = PBXFileReference; lastKnownFileType = sourcecode.swift; path = SwiftPackageManagerSharedHelpersApp.swift; sourceTree = "<group>"; };
		72D438EF2A7E90A900E2582E /* ContentView.swift */ = {isa = PBXFileReference; lastKnownFileType = sourcecode.swift; path = ContentView.swift; sourceTree = "<group>"; };
		72D438F12A7E90A900E2582E /* Assets.xcassets */ = {isa = PBXFileReference; lastKnownFileType = folder.assetcatalog; path = Assets.xcassets; sourceTree = "<group>"; };
		72D438F42A7E90A900E2582E /* Preview Assets.xcassets */ = {isa = PBXFileReference; lastKnownFileType = folder.assetcatalog; path = "Preview Assets.xcassets"; sourceTree = "<group>"; };
		72D438F62A7E90A900E2582E /* SwiftPackageManagerSharedHelpers.entitlements */ = {isa = PBXFileReference; lastKnownFileType = text.plist.entitlements; path = SwiftPackageManagerSharedHelpers.entitlements; sourceTree = "<group>"; };
		72D438FC2A7E90FB00E2582E /* App */ = {isa = PBXFileReference; lastKnownFileType = wrapper; name = App; path = Frameworks/App; sourceTree = "<group>"; };
/* End PBXFileReference section */

/* Begin PBXFrameworksBuildPhase section */
		72D438E72A7E90A900E2582E /* Frameworks */ = {
			isa = PBXFrameworksBuildPhase;
			buildActionMask = 2147483647;
			files = (
				72D438FF2A7E917400E2582E /* App in Frameworks */,
			);
			runOnlyForDeploymentPostprocessing = 0;
		};
/* End PBXFrameworksBuildPhase section */

/* Begin PBXGroup section */
		72D438E12A7E90A800E2582E = {
			isa = PBXGroup;
			children = (
				72D438EC2A7E90A900E2582E /* SwiftPackageManagerSharedHelpers */,
				72D438EB2A7E90A900E2582E /* Products */,
				72D438FD2A7E917400E2582E /* Frameworks */,
				72D438FC2A7E90FB00E2582E /* App */,
			);
			sourceTree = "<group>";
		};
		72D438EB2A7E90A900E2582E /* Products */ = {
			isa = PBXGroup;
			children = (
				72D438EA2A7E90A900E2582E /* SwiftPackageManagerSharedHelpers.app */,
			);
			name = Products;
			sourceTree = "<group>";
		};
		72D438EC2A7E90A900E2582E /* SwiftPackageManagerSharedHelpers */ = {
			isa = PBXGroup;
			children = (
				72D438ED2A7E90A900E2582E /* SwiftPackageManagerSharedHelpersApp.swift */,
				72D438EF2A7E90A900E2582E /* ContentView.swift */,
				72D438F12A7E90A900E2582E /* Assets.xcassets */,
				72D438F62A7E90A900E2582E /* SwiftPackageManagerSharedHelpers.entitlements */,
				72D438F32A7E90A900E2582E /* Preview Content */,
			);
			path = SwiftPackageManagerSharedHelpers;
			sourceTree = "<group>";
		};
		72D438F32A7E90A900E2582E /* Preview Content */ = {
			isa = PBXGroup;
			children = (
				72D438F42A7E90A900E2582E /* Preview Assets.xcassets */,
			);
			path = "Preview Content";
			sourceTree = "<group>";
		};
		72D438FD2A7E917400E2582E /* Frameworks */ = {
			isa = PBXGroup;
			children = (
			);
			name = Frameworks;
			sourceTree = "<group>";
		};
/* End PBXGroup section */

/* Begin PBXNativeTarget section */
		72D438E92A7E90A900E2582E /* SwiftPackageManagerSharedHelpers */ = {
			isa = PBXNativeTarget;
			buildConfigurationList = 72D438F92A7E90A900E2582E /* Build configuration list for PBXNativeTarget "SwiftPackageManagerSharedHelpers" */;
			buildPhases = (
				72D438E62A7E90A900E2582E /* Sources */,
				72D438E72A7E90A900E2582E /* Frameworks */,
				72D438E82A7E90A900E2582E /* Resources */,
			);
			buildRules = (
			);
			dependencies = (
			);
			name = SwiftPackageManagerSharedHelpers;
			packageProductDependencies = (
				72D438FE2A7E917400E2582E /* App */,
			);
			productName = SwiftPackageManagerSharedHelpers;
			productReference = 72D438EA2A7E90A900E2582E /* SwiftPackageManagerSharedHelpers.app */;
			productType = "com.apple.product-type.application";
		};
/* End PBXNativeTarget section */

/* Begin PBXProject section */
		72D438E22A7E90A800E2582E /* Project object */ = {
			isa = PBXProject;
			attributes = {
				BuildIndependentTargetsInParallel = 1;
				LastSwiftUpdateCheck = 1430;
				LastUpgradeCheck = 1430;
				TargetAttributes = {
					72D438E92A7E90A900E2582E = {
						CreatedOnToolsVersion = 14.3.1;
					};
				};
			};
			buildConfigurationList = 72D438E52A7E90A800E2582E /* Build configuration list for PBXProject "SwiftPackageManagerSharedHelpers" */;
			compatibilityVersion = "Xcode 14.0";
			developmentRegion = en;
			hasScannedForEncodings = 0;
			knownRegions = (
				en,
				Base,
			);
			mainGroup = 72D438E12A7E90A800E2582E;
			productRefGroup = 72D438EB2A7E90A900E2582E /* Products */;
			projectDirPath = "";
			projectRoot = "";
			targets = (
				72D438E92A7E90A900E2582E /* SwiftPackageManagerSharedHelpers */,
			);
		};
/* End PBXProject section */

/* Begin PBXResourcesBuildPhase section */
		72D438E82A7E90A900E2582E /* Resources */ = {
			isa = PBXResourcesBuildPhase;
			buildActionMask = 2147483647;
			files = (
				72D438F52A7E90A900E2582E /* Preview Assets.xcassets in Resources */,
				72D438F22A7E90A900E2582E /* Assets.xcassets in Resources */,
			);
			runOnlyForDeploymentPostprocessing = 0;
		};
/* End PBXResourcesBuildPhase section */

/* Begin PBXSourcesBuildPhase section */
		72D438E62A7E90A900E2582E /* Sources */ = {
			isa = PBXSourcesBuildPhase;
			buildActionMask = 2147483647;
			files = (
				72D438F02A7E90A900E2582E /* ContentView.swift in Sources */,
				72D438EE2A7E90A900E2582E /* SwiftPackageManagerSharedHelpersApp.swift in Sources */,
			);
			runOnlyForDeploymentPostprocessing = 0;
		};
/* End PBXSourcesBuildPhase section */

/* Begin XCBuildConfiguration section */
		72D438F72A7E90A900E2582E /* Debug */ = {
			isa = XCBuildConfiguration;
			buildSettings = {
				ALWAYS_SEARCH_USER_PATHS = NO;
				CLANG_ANALYZER_NONNULL = YES;
				CLANG_ANALYZER_NUMBER_OBJECT_CONVERSION = YES_AGGRESSIVE;
				CLANG_CXX_LANGUAGE_STANDARD = "gnu++20";
				CLANG_ENABLE_MODULES = YES;
				CLANG_ENABLE_OBJC_ARC = YES;
				CLANG_ENABLE_OBJC_WEAK = YES;
				CLANG_WARN_BLOCK_CAPTURE_AUTORELEASING = YES;
				CLANG_WARN_BOOL_CONVERSION = YES;
				CLANG_WARN_COMMA = YES;
				CLANG_WARN_CONSTANT_CONVERSION = YES;
				CLANG_WARN_DEPRECATED_OBJC_IMPLEMENTATIONS = YES;
				CLANG_WARN_DIRECT_OBJC_ISA_USAGE = YES_ERROR;
				CLANG_WARN_DOCUMENTATION_COMMENTS = YES;
				CLANG_WARN_EMPTY_BODY = YES;
				CLANG_WARN_ENUM_CONVERSION = YES;
				CLANG_WARN_INFINITE_RECURSION = YES;
				CLANG_WARN_INT_CONVERSION = YES;
				CLANG_WARN_NON_LITERAL_NULL_CONVERSION = YES;
				CLANG_WARN_OBJC_IMPLICIT_RETAIN_SELF = YES;
				CLANG_WARN_OBJC_LITERAL_CONVERSION = YES;
				CLANG_WARN_OBJC_ROOT_CLASS = YES_ERROR;
				CLANG_WARN_QUOTED_INCLUDE_IN_FRAMEWORK_HEADER = YES;
				CLANG_WARN_RANGE_LOOP_ANALYSIS = YES;
				CLANG_WARN_STRICT_PROTOTYPES = YES;
				CLANG_WARN_SUSPICIOUS_MOVE = YES;
				CLANG_WARN_UNGUARDED_AVAILABILITY = YES_AGGRESSIVE;
				CLANG_WARN_UNREACHABLE_CODE = YES;
				CLANG_WARN__DUPLICATE_METHOD_MATCH = YES;
				COPY_PHASE_STRIP = NO;
				DEBUG_INFORMATION_FORMAT = dwarf;
				ENABLE_STRICT_OBJC_MSGSEND = YES;
				ENABLE_TESTABILITY = YES;
				GCC_C_LANGUAGE_STANDARD = gnu11;
				GCC_DYNAMIC_NO_PIC = NO;
				GCC_NO_COMMON_BLOCKS = YES;
				GCC_OPTIMIZATION_LEVEL = 0;
				GCC_PREPROCESSOR_DEFINITIONS = (
					"DEBUG=1",
					"$(inherited)",
				);
				GCC_WARN_64_TO_32_BIT_CONVERSION = YES;
				GCC_WARN_ABOUT_RETURN_TYPE = YES_ERROR;
				GCC_WARN_UNDECLARED_SELECTOR = YES;
				GCC_WARN_UNINITIALIZED_AUTOS = YES_AGGRESSIVE;
				GCC_WARN_UNUSED_FUNCTION = YES;
				GCC_WARN_UNUSED_VARIABLE = YES;
				MACOSX_DEPLOYMENT_TARGET = 13.3;
				MTL_ENABLE_DEBUG_INFO = INCLUDE_SOURCE;
				MTL_FAST_MATH = YES;
				ONLY_ACTIVE_ARCH = YES;
				SDKROOT = macosx;
				SWIFT_ACTIVE_COMPILATION_CONDITIONS = DEBUG;
				SWIFT_OPTIMIZATION_LEVEL = "-Onone";
			};
			name = Debug;
		};
		72D438F82A7E90A900E2582E /* Release */ = {
			isa = XCBuildConfiguration;
			buildSettings = {
				ALWAYS_SEARCH_USER_PATHS = NO;
				CLANG_ANALYZER_NONNULL = YES;
				CLANG_ANALYZER_NUMBER_OBJECT_CONVERSION = YES_AGGRESSIVE;
				CLANG_CXX_LANGUAGE_STANDARD = "gnu++20";
				CLANG_ENABLE_MODULES = YES;
				CLANG_ENABLE_OBJC_ARC = YES;
				CLANG_ENABLE_OBJC_WEAK = YES;
				CLANG_WARN_BLOCK_CAPTURE_AUTORELEASING = YES;
				CLANG_WARN_BOOL_CONVERSION = YES;
				CLANG_WARN_COMMA = YES;
				CLANG_WARN_CONSTANT_CONVERSION = YES;
				CLANG_WARN_DEPRECATED_OBJC_IMPLEMENTATIONS = YES;
				CLANG_WARN_DIRECT_OBJC_ISA_USAGE = YES_ERROR;
				CLANG_WARN_DOCUMENTATION_COMMENTS = YES;
				CLANG_WARN_EMPTY_BODY = YES;
				CLANG_WARN_ENUM_CONVERSION = YES;
				CLANG_WARN_INFINITE_RECURSION = YES;
				CLANG_WARN_INT_CONVERSION = YES;
				CLANG_WARN_NON_LITERAL_NULL_CONVERSION = YES;
				CLANG_WARN_OBJC_IMPLICIT_RETAIN_SELF = YES;
				CLANG_WARN_OBJC_LITERAL_CONVERSION = YES;
				CLANG_WARN_OBJC_ROOT_CLASS = YES_ERROR;
				CLANG_WARN_QUOTED_INCLUDE_IN_FRAMEWORK_HEADER = YES;
				CLANG_WARN_RANGE_LOOP_ANALYSIS = YES;
				CLANG_WARN_STRICT_PROTOTYPES = YES;
				CLANG_WARN_SUSPICIOUS_MOVE = YES;
				CLANG_WARN_UNGUARDED_AVAILABILITY = YES_AGGRESSIVE;
				CLANG_WARN_UNREACHABLE_CODE = YES;
				CLANG_WARN__DUPLICATE_METHOD_MATCH = YES;
				COPY_PHASE_STRIP = NO;
				DEBUG_INFORMATION_FORMAT = "dwarf-with-dsym";
				ENABLE_NS_ASSERTIONS = NO;
				ENABLE_STRICT_OBJC_MSGSEND = YES;
				GCC_C_LANGUAGE_STANDARD = gnu11;
				GCC_NO_COMMON_BLOCKS = YES;
				GCC_WARN_64_TO_32_BIT_CONVERSION = YES;
				GCC_WARN_ABOUT_RETURN_TYPE = YES_ERROR;
				GCC_WARN_UNDECLARED_SELECTOR = YES;
				GCC_WARN_UNINITIALIZED_AUTOS = YES_AGGRESSIVE;
				GCC_WARN_UNUSED_FUNCTION = YES;
				GCC_WARN_UNUSED_VARIABLE = YES;
				MACOSX_DEPLOYMENT_TARGET = 13.3;
				MTL_ENABLE_DEBUG_INFO = NO;
				MTL_FAST_MATH = YES;
				SDKROOT = macosx;
				SWIFT_COMPILATION_MODE = wholemodule;
				SWIFT_OPTIMIZATION_LEVEL = "-O";
			};
			name = Release;
		};
		72D438FA2A7E90A900E2582E /* Debug */ = {
			isa = XCBuildConfiguration;
			buildSettings = {
				ASSETCATALOG_COMPILER_APPICON_NAME = AppIcon;
				ASSETCATALOG_COMPILER_GLOBAL_ACCENT_COLOR_NAME = AccentColor;
				CODE_SIGN_ENTITLEMENTS = SwiftPackageManagerSharedHelpers/SwiftPackageManagerSharedHelpers.entitlements;
				CODE_SIGN_STYLE = Automatic;
				COMBINE_HIDPI_IMAGES = YES;
				CURRENT_PROJECT_VERSION = 1;
				DEVELOPMENT_ASSET_PATHS = "\"SwiftPackageManagerSharedHelpers/Preview Content\"";
				DEVELOPMENT_TEAM = YN24FFRTC8;
				ENABLE_HARDENED_RUNTIME = YES;
				ENABLE_PREVIEWS = YES;
				GENERATE_INFOPLIST_FILE = YES;
				INFOPLIST_KEY_NSHumanReadableCopyright = "";
				LD_RUNPATH_SEARCH_PATHS = (
					"$(inherited)",
					"@executable_path/../Frameworks",
				);
				MARKETING_VERSION = 1.0;
				PRODUCT_BUNDLE_IDENTIFIER = me.foureyes.SwiftPackageManagerSharedHelpers;
				PRODUCT_NAME = "$(TARGET_NAME)";
				SWIFT_EMIT_LOC_STRINGS = YES;
				SWIFT_VERSION = 5.0;
			};
			name = Debug;
		};
		72D438FB2A7E90A900E2582E /* Release */ = {
			isa = XCBuildConfiguration;
			buildSettings = {
				ASSETCATALOG_COMPILER_APPICON_NAME = AppIcon;
				ASSETCATALOG_COMPILER_GLOBAL_ACCENT_COLOR_NAME = AccentColor;
				CODE_SIGN_ENTITLEMENTS = SwiftPackageManagerSharedHelpers/SwiftPackageManagerSharedHelpers.entitlements;
				CODE_SIGN_STYLE = Automatic;
				COMBINE_HIDPI_IMAGES = YES;
				CURRENT_PROJECT_VERSION = 1;
				DEVELOPMENT_ASSET_PATHS = "\"SwiftPackageManagerSharedHelpers/Preview Content\"";
				DEVELOPMENT_TEAM = YN24FFRTC8;
				ENABLE_HARDENED_RUNTIME = YES;
				ENABLE_PREVIEWS = YES;
				GENERATE_INFOPLIST_FILE = YES;
				INFOPLIST_KEY_NSHumanReadableCopyright = "";
				LD_RUNPATH_SEARCH_PATHS = (
					"$(inherited)",
					"@executable_path/../Frameworks",
				);
				MARKETING_VERSION = 1.0;
				PRODUCT_BUNDLE_IDENTIFIER = me.foureyes.SwiftPackageManagerSharedHelpers;
				PRODUCT_NAME = "$(TARGET_NAME)";
				SWIFT_EMIT_LOC_STRINGS = YES;
				SWIFT_VERSION = 5.0;
			};
			name = Release;
		};
/* End XCBuildConfiguration section */

/* Begin XCConfigurationList section */
		72D438E52A7E90A800E2582E /* Build configuration list for PBXProject "SwiftPackageManagerSharedHelpers" */ = {
			isa = XCConfigurationList;
			buildConfigurations = (
				72D438F72A7E90A900E2582E /* Debug */,
				72D438F82A7E90A900E2582E /* Release */,
			);
			defaultConfigurationIsVisible = 0;
			defaultConfigurationName = Release;
		};
		72D438F92A7E90A900E2582E /* Build configuration list for PBXNativeTarget "SwiftPackageManagerSharedHelpers" */ = {
			isa = XCConfigurationList;
			buildConfigurations = (
				72D438FA2A7E90A900E2582E /* Debug */,
				72D438FB2A7E90A900E2582E /* Release */,
			);
			defaultConfigurationIsVisible = 0;
			defaultConfigurationName = Release;
		};
/* End XCConfigurationList section */

/* Begin XCSwiftPackageProductDependency section */
		72D438FE2A7E917400E2582E /* App */ = {
			isa = XCSwiftPackageProductDependency;
			productName = App;
		};
/* End XCSwiftPackageProductDependency section */
	};
	rootObject = 72D438E22A7E90A800E2582E /* Project object */;
}
